
Microsoft Visual Studio Solution File, Format Version 12.00
# Visual Studio Version 17
VisualStudioVersion = 17.4.33110.190
MinimumVisualStudioVersion = 10.0.40219.1
Project("{9A19103F-16F7-4668-BE54-9A1E7A4F7556}") = "MoviesApplication.Entities", "MoviesApplication.Entities\MoviesApplication.Entities.csproj", "{ED5A899F-7CC5-40A7-9128-60FD65B407BC}"
EndProject
Project("{9A19103F-16F7-4668-BE54-9A1E7A4F7556}") = "MoviesApplication.Business", "MoviesApplication.Business\MoviesApplication.Business.csproj", "{1BC67967-AC99-493E-9986-196F936179F2}"
EndProject
Project("{9A19103F-16F7-4668-BE54-9A1E7A4F7556}") = "MoviesApplication.Data", "MoviesApplication.Data\MoviesApplication.Data.csproj", "{F718029C-CF86-44E9-AC25-1F847F50594F}"
EndProject
Project("{9A19103F-16F7-4668-BE54-9A1E7A4F7556}") = "MoviesApplication.Framework", "MoviesApplication.Framework\MoviesApplication.Framework.csproj", "{77BC62B0-F980-4A65-843B-66F9122B3665}"
EndProject
Project("{9A19103F-16F7-4668-BE54-9A1E7A4F7556}") = "MoviesApplication.WebAPI", "MovieAppliation.WebAPI\MoviesApplication.WebAPI.csproj", "{F2087006-7574-4963-ABAB-755516BA8745}"
EndProject
Global
	GlobalSection(SolutionConfigurationPlatforms) = preSolution
		Debug|Any CPU = Debug|Any CPU
		Release|Any CPU = Release|Any CPU
	EndGlobalSection
	GlobalSection(ProjectConfigurationPlatforms) = postSolution
		{ED5A899F-7CC5-40A7-9128-60FD65B407BC}.Debug|Any CPU.ActiveCfg = Debug|Any CPU
		{ED5A899F-7CC5-40A7-9128-60FD65B407BC}.Debug|Any CPU.Build.0 = Debug|Any CPU
		{ED5A899F-7CC5-40A7-9128-60FD65B407BC}.Release|Any CPU.ActiveCfg = Release|Any CPU
		{ED5A899F-7CC5-40A7-9128-60FD65B407BC}.Release|Any CPU.Build.0 = Release|Any CPU
		{1BC67967-AC99-493E-9986-196F936179F2}.Debug|Any CPU.ActiveCfg = Debug|Any CPU
		{1BC67967-AC99-493E-9986-196F936179F2}.Debug|Any CPU.Build.0 = Debug|Any CPU
		{1BC67967-AC99-493E-9986-196F936179F2}.Release|Any CPU.ActiveCfg = Release|Any CPU
		{1BC67967-AC99-493E-9986-196F936179F2}.Release|Any CPU.Build.0 = Release|Any CPU
		{F718029C-CF86-44E9-AC25-1F847F50594F}.Debug|Any CPU.ActiveCfg = Debug|Any CPU
		{F718029C-CF86-44E9-AC25-1F847F50594F}.Debug|Any CPU.Build.0 = Debug|Any CPU
		{F718029C-CF86-44E9-AC25-1F847F50594F}.Release|Any CPU.ActiveCfg = Release|Any CPU
		{F718029C-CF86-44E9-AC25-1F847F50594F}.Release|Any CPU.Build.0 = Release|Any CPU
		{77BC62B0-F980-4A65-843B-66F9122B3665}.Debug|Any CPU.ActiveCfg = Debug|Any CPU
		{77BC62B0-F980-4A65-843B-66F9122B3665}.Debug|Any CPU.Build.0 = Debug|Any CPU
		{77BC62B0-F980-4A65-843B-66F9122B3665}.Release|Any CPU.ActiveCfg = Release|Any CPU
		{77BC62B0-F980-4A65-843B-66F9122B3665}.Release|Any CPU.Build.0 = Release|Any CPU
		{F2087006-7574-4963-ABAB-755516BA8745}.Debug|Any CPU.ActiveCfg = Debug|Any CPU
		{F2087006-7574-4963-ABAB-755516BA8745}.Debug|Any CPU.Build.0 = Debug|Any CPU
		{F2087006-7574-4963-ABAB-755516BA8745}.Release|Any CPU.ActiveCfg = Release|Any CPU
		{F2087006-7574-4963-ABAB-755516BA8745}.Release|Any CPU.Build.0 = Release|Any CPU
	EndGlobalSection
	GlobalSection(SolutionProperties) = preSolution
		HideSolutionNode = FALSE
	EndGlobalSection
	GlobalSection(ExtensibilityGlobals) = postSolution
		SolutionGuid = {AAFAB0F1-364E-4597-B0EB-B9D1671EE886}
	EndGlobalSection
EndGlobal
